
Microsoft Visual Studio Solution File, Format Version 12.00
# Visual Studio Version 16
VisualStudioVersion = 16.0.32126.315
MinimumVisualStudioVersion = 10.0.40219.1
Project("{FAE04EC0-301F-11D3-BF4B-00C04F79EFBC}") = "01_SyncDelegateReview", "01_SyncDelegateReview\01_SyncDelegateReview.csproj", "{C002AECA-6CF7-4D95-B993-2C624FDC30F4}"
EndProject
Project("{FAE04EC0-301F-11D3-BF4B-00C04F79EFBC}") = "02_AsyncDelegate", "02_AsyncDelegate\02_AsyncDelegate.csproj", "{510BC00E-B080-4DE0-BCF9-3FDAA4D82D14}"
EndProject
Project("{FAE04EC0-301F-11D3-BF4B-00C04F79EFBC}") = "03_AsyncCallbackDelegate", "03_AsyncCallbackDelegate\03_AsyncCallbackDelegate.csproj", "{4D30F2F1-CAB7-4D97-BA6F-10DFCC7533DA}"
EndProject
Project("{FAE04EC0-301F-11D3-BF4B-00C04F79EFBC}") = "04_ThreadStats", "04_ThreadStats\04_ThreadStats.csproj", "{E685EAB9-5CAA-42D8-AFA9-24B54D3E988C}"
EndProject
Project("{FAE04EC0-301F-11D3-BF4B-00C04F79EFBC}") = "05_SimpleMultiThreadApp", "05_SimpleMultiThreadApp\05_SimpleMultiThreadApp.csproj", "{5EC1C1C1-4704-428C-8ED9-57D5D08B2046}"
EndProject
Project("{FAE04EC0-301F-11D3-BF4B-00C04F79EFBC}") = "06_AddWithThreads", "06_AddWithThreads\06_AddWithThreads.csproj", "{B3E1C6DC-9406-45FD-8C56-71BEEB686277}"
EndProject
Project("{FAE04EC0-301F-11D3-BF4B-00C04F79EFBC}") = "07_MultiThreadPrinter", "07_MultiThreadPrinter\07_MultiThreadPrinter.csproj", "{1D8B6CAB-395C-476A-ABCC-414B159747F8}"
EndProject
Project("{FAE04EC0-301F-11D3-BF4B-00C04F79EFBC}") = "08_TimerApp", "08_TimerApp\08_TimerApp.csproj", "{754D6551-116F-4C0B-9167-61B45ADE919E}"
EndProject
Project("{FAE04EC0-301F-11D3-BF4B-00C04F79EFBC}") = "09_ThreadPool", "09_ThreadPool\09_ThreadPool.csproj", "{B4E4159C-B198-4DD2-BB71-B2C959F2B837}"
EndProject
Project("{FAE04EC0-301F-11D3-BF4B-00C04F79EFBC}") = "10_DataParallelismWithForEach", "10_DataParallelismWithForEach\10_DataParallelismWithForEach.csproj", "{4C911230-6C6D-40BC-BFCD-7373ED4877F2}"
EndProject
Project("{FAE04EC0-301F-11D3-BF4B-00C04F79EFBC}") = "11_MyEBookReader", "11_MyEBookReader\11_MyEBookReader.csproj", "{2488B8BA-4CE9-47F3-9F53-6D6E458BA676}"
EndProject
Project("{FAE04EC0-301F-11D3-BF4B-00C04F79EFBC}") = "12_PLINQ_DataProcessing", "12_PLINQ_DataProcessing\12_PLINQ_DataProcessing.csproj", "{081CB89A-779B-4806-94B8-4F5397CB9E73}"
EndProject
Project("{FAE04EC0-301F-11D3-BF4B-00C04F79EFBC}") = "13_CSharpAsync", "13_CSharpAsync\13_CSharpAsync.csproj", "{57B3D734-BA5F-4EAF-96B1-00A04F40595B}"
EndProject
Global
	GlobalSection(SolutionConfigurationPlatforms) = preSolution
		Debug|Any CPU = Debug|Any CPU
		Release|Any CPU = Release|Any CPU
	EndGlobalSection
	GlobalSection(ProjectConfigurationPlatforms) = postSolution
		{C002AECA-6CF7-4D95-B993-2C624FDC30F4}.Debug|Any CPU.ActiveCfg = Debug|Any CPU
		{C002AECA-6CF7-4D95-B993-2C624FDC30F4}.Debug|Any CPU.Build.0 = Debug|Any CPU
		{C002AECA-6CF7-4D95-B993-2C624FDC30F4}.Release|Any CPU.ActiveCfg = Release|Any CPU
		{C002AECA-6CF7-4D95-B993-2C624FDC30F4}.Release|Any CPU.Build.0 = Release|Any CPU
		{510BC00E-B080-4DE0-BCF9-3FDAA4D82D14}.Debug|Any CPU.ActiveCfg = Debug|Any CPU
		{510BC00E-B080-4DE0-BCF9-3FDAA4D82D14}.Debug|Any CPU.Build.0 = Debug|Any CPU
		{510BC00E-B080-4DE0-BCF9-3FDAA4D82D14}.Release|Any CPU.ActiveCfg = Release|Any CPU
		{510BC00E-B080-4DE0-BCF9-3FDAA4D82D14}.Release|Any CPU.Build.0 = Release|Any CPU
		{4D30F2F1-CAB7-4D97-BA6F-10DFCC7533DA}.Debug|Any CPU.ActiveCfg = Debug|Any CPU
		{4D30F2F1-CAB7-4D97-BA6F-10DFCC7533DA}.Debug|Any CPU.Build.0 = Debug|Any CPU
		{4D30F2F1-CAB7-4D97-BA6F-10DFCC7533DA}.Release|Any CPU.ActiveCfg = Release|Any CPU
		{4D30F2F1-CAB7-4D97-BA6F-10DFCC7533DA}.Release|Any CPU.Build.0 = Release|Any CPU
		{E685EAB9-5CAA-42D8-AFA9-24B54D3E988C}.Debug|Any CPU.ActiveCfg = Debug|Any CPU
		{E685EAB9-5CAA-42D8-AFA9-24B54D3E988C}.Debug|Any CPU.Build.0 = Debug|Any CPU
		{E685EAB9-5CAA-42D8-AFA9-24B54D3E988C}.Release|Any CPU.ActiveCfg = Release|Any CPU
		{E685EAB9-5CAA-42D8-AFA9-24B54D3E988C}.Release|Any CPU.Build.0 = Release|Any CPU
		{5EC1C1C1-4704-428C-8ED9-57D5D08B2046}.Debug|Any CPU.ActiveCfg = Debug|Any CPU
		{5EC1C1C1-4704-428C-8ED9-57D5D08B2046}.Debug|Any CPU.Build.0 = Debug|Any CPU
		{5EC1C1C1-4704-428C-8ED9-57D5D08B2046}.Release|Any CPU.ActiveCfg = Release|Any CPU
		{5EC1C1C1-4704-428C-8ED9-57D5D08B2046}.Release|Any CPU.Build.0 = Release|Any CPU
		{B3E1C6DC-9406-45FD-8C56-71BEEB686277}.Debug|Any CPU.ActiveCfg = Debug|Any CPU
		{B3E1C6DC-9406-45FD-8C56-71BEEB686277}.Debug|Any CPU.Build.0 = Debug|Any CPU
		{B3E1C6DC-9406-45FD-8C56-71BEEB686277}.Release|Any CPU.ActiveCfg = Release|Any CPU
		{B3E1C6DC-9406-45FD-8C56-71BEEB686277}.Release|Any CPU.Build.0 = Release|Any CPU
		{1D8B6CAB-395C-476A-ABCC-414B159747F8}.Debug|Any CPU.ActiveCfg = Debug|Any CPU
		{1D8B6CAB-395C-476A-ABCC-414B159747F8}.Debug|Any CPU.Build.0 = Debug|Any CPU
		{1D8B6CAB-395C-476A-ABCC-414B159747F8}.Release|Any CPU.ActiveCfg = Release|Any CPU
		{1D8B6CAB-395C-476A-ABCC-414B159747F8}.Release|Any CPU.Build.0 = Release|Any CPU
		{754D6551-116F-4C0B-9167-61B45ADE919E}.Debug|Any CPU.ActiveCfg = Debug|Any CPU
		{754D6551-116F-4C0B-9167-61B45ADE919E}.Debug|Any CPU.Build.0 = Debug|Any CPU
		{754D6551-116F-4C0B-9167-61B45ADE919E}.Release|Any CPU.ActiveCfg = Release|Any CPU
		{754D6551-116F-4C0B-9167-61B45ADE919E}.Release|Any CPU.Build.0 = Release|Any CPU
		{B4E4159C-B198-4DD2-BB71-B2C959F2B837}.Debug|Any CPU.ActiveCfg = Debug|Any CPU
		{B4E4159C-B198-4DD2-BB71-B2C959F2B837}.Debug|Any CPU.Build.0 = Debug|Any CPU
		{B4E4159C-B198-4DD2-BB71-B2C959F2B837}.Release|Any CPU.ActiveCfg = Release|Any CPU
		{B4E4159C-B198-4DD2-BB71-B2C959F2B837}.Release|Any CPU.Build.0 = Release|Any CPU
		{4C911230-6C6D-40BC-BFCD-7373ED4877F2}.Debug|Any CPU.ActiveCfg = Debug|Any CPU
		{4C911230-6C6D-40BC-BFCD-7373ED4877F2}.Debug|Any CPU.Build.0 = Debug|Any CPU
		{4C911230-6C6D-40BC-BFCD-7373ED4877F2}.Release|Any CPU.ActiveCfg = Release|Any CPU
		{4C911230-6C6D-40BC-BFCD-7373ED4877F2}.Release|Any CPU.Build.0 = Release|Any CPU
		{2488B8BA-4CE9-47F3-9F53-6D6E458BA676}.Debug|Any CPU.ActiveCfg = Debug|Any CPU
		{2488B8BA-4CE9-47F3-9F53-6D6E458BA676}.Debug|Any CPU.Build.0 = Debug|Any CPU
		{2488B8BA-4CE9-47F3-9F53-6D6E458BA676}.Release|Any CPU.ActiveCfg = Release|Any CPU
		{2488B8BA-4CE9-47F3-9F53-6D6E458BA676}.Release|Any CPU.Build.0 = Release|Any CPU
		{081CB89A-779B-4806-94B8-4F5397CB9E73}.Debug|Any CPU.ActiveCfg = Debug|Any CPU
		{081CB89A-779B-4806-94B8-4F5397CB9E73}.Debug|Any CPU.Build.0 = Debug|Any CPU
		{081CB89A-779B-4806-94B8-4F5397CB9E73}.Release|Any CPU.ActiveCfg = Release|Any CPU
		{081CB89A-779B-4806-94B8-4F5397CB9E73}.Release|Any CPU.Build.0 = Release|Any CPU
		{57B3D734-BA5F-4EAF-96B1-00A04F40595B}.Debug|Any CPU.ActiveCfg = Debug|Any CPU
		{57B3D734-BA5F-4EAF-96B1-00A04F40595B}.Debug|Any CPU.Build.0 = Debug|Any CPU
		{57B3D734-BA5F-4EAF-96B1-00A04F40595B}.Release|Any CPU.ActiveCfg = Release|Any CPU
		{57B3D734-BA5F-4EAF-96B1-00A04F40595B}.Release|Any CPU.Build.0 = Release|Any CPU
	EndGlobalSection
	GlobalSection(SolutionProperties) = preSolution
		HideSolutionNode = FALSE
	EndGlobalSection
	GlobalSection(ExtensibilityGlobals) = postSolution
		SolutionGuid = {28181322-73FB-4521-92A3-EF99AF36BD3B}
	EndGlobalSection
EndGlobal
