
Microsoft Visual Studio Solution File, Format Version 12.00
# Visual Studio Version 16
VisualStudioVersion = 16.0.32126.315
MinimumVisualStudioVersion = 10.0.40219.1
Project("{FAE04EC0-301F-11D3-BF4B-00C04F79EFBC}") = "01_SyncDelegateReview", "01_SyncDelegateReview\01_SyncDelegateReview.csproj", "{C002AECA-6CF7-4D95-B993-2C624FDC30F4}"
EndProject
Project("{FAE04EC0-301F-11D3-BF4B-00C04F79EFBC}") = "02_AsyncDelegate", "02_AsyncDelegate\02_AsyncDelegate.csproj", "{510BC00E-B080-4DE0-BCF9-3FDAA4D82D14}"
EndProject
Project("{FAE04EC0-301F-11D3-BF4B-00C04F79EFBC}") = "03_AsyncCallbackDelegate", "03_AsyncCallbackDelegate\03_AsyncCallbackDelegate.csproj", "{4D30F2F1-CAB7-4D97-BA6F-10DFCC7533DA}"
EndProject
Project("{FAE04EC0-301F-11D3-BF4B-00C04F79EFBC}") = "04_ThreadStats", "04_ThreadStats\04_ThreadStats.csproj", "{E685EAB9-5CAA-42D8-AFA9-24B54D3E988C}"
EndProject
Project("{FAE04EC0-301F-11D3-BF4B-00C04F79EFBC}") = "05_SimpleMultiThreadApp", "05_SimpleMultiThreadApp\05_SimpleMultiThreadApp.csproj", "{5EC1C1C1-4704-428C-8ED9-57D5D08B2046}"
EndProject
Project("{FAE04EC0-301F-11D3-BF4B-00C04F79EFBC}") = "06_AddWithThreads", "06_AddWithThreads\06_AddWithThreads.csproj", "{B3E1C6DC-9406-45FD-8C56-71BEEB686277}"
EndProject
Global
	GlobalSection(SolutionConfigurationPlatforms) = preSolution
		Debug|Any CPU = Debug|Any CPU
		Release|Any CPU = Release|Any CPU
	EndGlobalSection
	GlobalSection(ProjectConfigurationPlatforms) = postSolution
		{C002AECA-6CF7-4D95-B993-2C624FDC30F4}.Debug|Any CPU.ActiveCfg = Debug|Any CPU
		{C002AECA-6CF7-4D95-B993-2C624FDC30F4}.Debug|Any CPU.Build.0 = Debug|Any CPU
		{C002AECA-6CF7-4D95-B993-2C624FDC30F4}.Release|Any CPU.ActiveCfg = Release|Any CPU
		{C002AECA-6CF7-4D95-B993-2C624FDC30F4}.Release|Any CPU.Build.0 = Release|Any CPU
		{510BC00E-B080-4DE0-BCF9-3FDAA4D82D14}.Debug|Any CPU.ActiveCfg = Debug|Any CPU
		{510BC00E-B080-4DE0-BCF9-3FDAA4D82D14}.Debug|Any CPU.Build.0 = Debug|Any CPU
		{510BC00E-B080-4DE0-BCF9-3FDAA4D82D14}.Release|Any CPU.ActiveCfg = Release|Any CPU
		{510BC00E-B080-4DE0-BCF9-3FDAA4D82D14}.Release|Any CPU.Build.0 = Release|Any CPU
		{4D30F2F1-CAB7-4D97-BA6F-10DFCC7533DA}.Debug|Any CPU.ActiveCfg = Debug|Any CPU
		{4D30F2F1-CAB7-4D97-BA6F-10DFCC7533DA}.Debug|Any CPU.Build.0 = Debug|Any CPU
		{4D30F2F1-CAB7-4D97-BA6F-10DFCC7533DA}.Release|Any CPU.ActiveCfg = Release|Any CPU
		{4D30F2F1-CAB7-4D97-BA6F-10DFCC7533DA}.Release|Any CPU.Build.0 = Release|Any CPU
		{E685EAB9-5CAA-42D8-AFA9-24B54D3E988C}.Debug|Any CPU.ActiveCfg = Debug|Any CPU
		{E685EAB9-5CAA-42D8-AFA9-24B54D3E988C}.Debug|Any CPU.Build.0 = Debug|Any CPU
		{E685EAB9-5CAA-42D8-AFA9-24B54D3E988C}.Release|Any CPU.ActiveCfg = Release|Any CPU
		{E685EAB9-5CAA-42D8-AFA9-24B54D3E988C}.Release|Any CPU.Build.0 = Release|Any CPU
		{5EC1C1C1-4704-428C-8ED9-57D5D08B2046}.Debug|Any CPU.ActiveCfg = Debug|Any CPU
		{5EC1C1C1-4704-428C-8ED9-57D5D08B2046}.Debug|Any CPU.Build.0 = Debug|Any CPU
		{5EC1C1C1-4704-428C-8ED9-57D5D08B2046}.Release|Any CPU.ActiveCfg = Release|Any CPU
		{5EC1C1C1-4704-428C-8ED9-57D5D08B2046}.Release|Any CPU.Build.0 = Release|Any CPU
		{B3E1C6DC-9406-45FD-8C56-71BEEB686277}.Debug|Any CPU.ActiveCfg = Debug|Any CPU
		{B3E1C6DC-9406-45FD-8C56-71BEEB686277}.Debug|Any CPU.Build.0 = Debug|Any CPU
		{B3E1C6DC-9406-45FD-8C56-71BEEB686277}.Release|Any CPU.ActiveCfg = Release|Any CPU
		{B3E1C6DC-9406-45FD-8C56-71BEEB686277}.Release|Any CPU.Build.0 = Release|Any CPU
	EndGlobalSection
	GlobalSection(SolutionProperties) = preSolution
		HideSolutionNode = FALSE
	EndGlobalSection
	GlobalSection(ExtensibilityGlobals) = postSolution
		SolutionGuid = {28181322-73FB-4521-92A3-EF99AF36BD3B}
	EndGlobalSection
EndGlobal
