
Microsoft Visual Studio Solution File, Format Version 12.00
# Visual Studio Version 16
VisualStudioVersion = 16.0.32126.315
MinimumVisualStudioVersion = 10.0.40219.1
Project("{FAE04EC0-301F-11D3-BF4B-00C04F79EFBC}") = "01_ConnectionFactory", "01_ConnectionFactory\01_ConnectionFactory.csproj", "{D46C4BF9-7B10-4E1A-A004-4DEDF350E13C}"
EndProject
Project("{FAE04EC0-301F-11D3-BF4B-00C04F79EFBC}") = "02_DataProviderFactory", "02_DataProviderFactory\02_DataProviderFactory.csproj", "{8C5F21EF-5F67-4335-AB11-6EE197DBE8F1}"
EndProject
Global
	GlobalSection(SolutionConfigurationPlatforms) = preSolution
		Debug|Any CPU = Debug|Any CPU
		Release|Any CPU = Release|Any CPU
	EndGlobalSection
	GlobalSection(ProjectConfigurationPlatforms) = postSolution
		{D46C4BF9-7B10-4E1A-A004-4DEDF350E13C}.Debug|Any CPU.ActiveCfg = Debug|Any CPU
		{D46C4BF9-7B10-4E1A-A004-4DEDF350E13C}.Debug|Any CPU.Build.0 = Debug|Any CPU
		{D46C4BF9-7B10-4E1A-A004-4DEDF350E13C}.Release|Any CPU.ActiveCfg = Release|Any CPU
		{D46C4BF9-7B10-4E1A-A004-4DEDF350E13C}.Release|Any CPU.Build.0 = Release|Any CPU
		{8C5F21EF-5F67-4335-AB11-6EE197DBE8F1}.Debug|Any CPU.ActiveCfg = Debug|Any CPU
		{8C5F21EF-5F67-4335-AB11-6EE197DBE8F1}.Debug|Any CPU.Build.0 = Debug|Any CPU
		{8C5F21EF-5F67-4335-AB11-6EE197DBE8F1}.Release|Any CPU.ActiveCfg = Release|Any CPU
		{8C5F21EF-5F67-4335-AB11-6EE197DBE8F1}.Release|Any CPU.Build.0 = Release|Any CPU
	EndGlobalSection
	GlobalSection(SolutionProperties) = preSolution
		HideSolutionNode = FALSE
	EndGlobalSection
	GlobalSection(ExtensibilityGlobals) = postSolution
		SolutionGuid = {CA535150-8DBE-4EAE-8FEA-CE46CB3A4BCD}
	EndGlobalSection
EndGlobal
